
Microsoft Visual Studio Solution File, Format Version 12.00
# Visual Studio Version 16
VisualStudioVersion = 16.0.31019.35
MinimumVisualStudioVersion = 10.0.40219.1
Project("{8BC9CEB8-8B4A-11D0-8D11-00A0C91BC942}") = "DownloaderCpp", "DownloaderCpp.vcxproj", "{229EF16F-08D2-44C4-8FF3-2B38601C1C98}"
EndProject
Global
	GlobalSection(SolutionConfigurationPlatforms) = preSolution
		Debug|x64 = Debug|x64
		Debug|x86 = Debug|x86
		Release|x64 = Release|x64
		Release|x86 = Release|x86
	EndGlobalSection
	GlobalSection(ProjectConfigurationPlatforms) = postSolution
		{229EF16F-08D2-44C4-8FF3-2B38601C1C98}.Debug|x64.ActiveCfg = Debug|x64
		{229EF16F-08D2-44C4-8FF3-2B38601C1C98}.Debug|x64.Build.0 = Debug|x64
		{229EF16F-08D2-44C4-8FF3-2B38601C1C98}.Debug|x86.ActiveCfg = Debug|Win32
		{229EF16F-08D2-44C4-8FF3-2B38601C1C98}.Debug|x86.Build.0 = Debug|Win32
		{229EF16F-08D2-44C4-8FF3-2B38601C1C98}.Release|x64.ActiveCfg = Release|x64
		{229EF16F-08D2-44C4-8FF3-2B38601C1C98}.Release|x64.Build.0 = Release|x64
		{229EF16F-08D2-44C4-8FF3-2B38601C1C98}.Release|x86.ActiveCfg = Release|Win32
		{229EF16F-08D2-44C4-8FF3-2B38601C1C98}.Release|x86.Build.0 = Release|Win32
	EndGlobalSection
	GlobalSection(SolutionProperties) = preSolution
		HideSolutionNode = FALSE
	EndGlobalSection
	GlobalSection(ExtensibilityGlobals) = postSolution
		SolutionGuid = {CE2B7C6C-3CEA-4EC1-A819-EF088B3C057F}
	EndGlobalSection
EndGlobal
